
Microsoft Visual Studio Solution File, Format Version 12.00
# Visual Studio Version 17
VisualStudioVersion = 17.4.33122.133
MinimumVisualStudioVersion = 10.0.40219.1
Project("{FAE04EC0-301F-11D3-BF4B-00C04F79EFBC}") = "WebApplication1", "WebApplication1\WebApplication1.csproj", "{D7D3ECE9-8B2C-46E9-A024-4C2D9A3677B5}"
EndProject
Global
	GlobalSection(SolutionConfigurationPlatforms) = preSolution
		Debug|Any CPU = Debug|Any CPU
		Release|Any CPU = Release|Any CPU
	EndGlobalSection
	GlobalSection(ProjectConfigurationPlatforms) = postSolution
		{D7D3ECE9-8B2C-46E9-A024-4C2D9A3677B5}.Debug|Any CPU.ActiveCfg = Debug|Any CPU
		{D7D3ECE9-8B2C-46E9-A024-4C2D9A3677B5}.Debug|Any CPU.Build.0 = Debug|Any CPU
		{D7D3ECE9-8B2C-46E9-A024-4C2D9A3677B5}.Release|Any CPU.ActiveCfg = Release|Any CPU
		{D7D3ECE9-8B2C-46E9-A024-4C2D9A3677B5}.Release|Any CPU.Build.0 = Release|Any CPU
	EndGlobalSection
	GlobalSection(SolutionProperties) = preSolution
		HideSolutionNode = FALSE
	EndGlobalSection
	GlobalSection(ExtensibilityGlobals) = postSolution
		SolutionGuid = {DEEFA55C-33DF-4429-8AD5-CDB30CEFEE5B}
	EndGlobalSection
EndGlobal
